
Microsoft Visual Studio Solution File, Format Version 12.00
# Visual Studio Version 17
VisualStudioVersion = 17.10.35122.118
MinimumVisualStudioVersion = 10.0.40219.1
Project("{FAE04EC0-301F-11D3-BF4B-00C04F79EFBC}") = "bai_tap19", "bai_tap19\bai_tap19.csproj", "{F4BAD74B-6555-4162-8D8D-2F6A4EC8434C}"
EndProject
Global
	GlobalSection(SolutionConfigurationPlatforms) = preSolution
		Debug|Any CPU = Debug|Any CPU
		Release|Any CPU = Release|Any CPU
	EndGlobalSection
	GlobalSection(ProjectConfigurationPlatforms) = postSolution
		{F4BAD74B-6555-4162-8D8D-2F6A4EC8434C}.Debug|Any CPU.ActiveCfg = Debug|Any CPU
		{F4BAD74B-6555-4162-8D8D-2F6A4EC8434C}.Debug|Any CPU.Build.0 = Debug|Any CPU
		{F4BAD74B-6555-4162-8D8D-2F6A4EC8434C}.Release|Any CPU.ActiveCfg = Release|Any CPU
		{F4BAD74B-6555-4162-8D8D-2F6A4EC8434C}.Release|Any CPU.Build.0 = Release|Any CPU
	EndGlobalSection
	GlobalSection(SolutionProperties) = preSolution
		HideSolutionNode = FALSE
	EndGlobalSection
	GlobalSection(ExtensibilityGlobals) = postSolution
		SolutionGuid = {B96D4425-A91B-47AD-83E8-600D8795FF6E}
	EndGlobalSection
EndGlobal
